
Microsoft Visual Studio Solution File, Format Version 12.00
# Visual Studio Version 17
VisualStudioVersion = 17.9.34728.123
MinimumVisualStudioVersion = 10.0.40219.1
Project("{FAE04EC0-301F-11D3-BF4B-00C04F79EFBC}") = "WpfApp12.05", "WpfApp12.05.csproj", "{EF70C1E1-18B1-4AC4-8455-2528D5ABD676}"
EndProject
Project("{2150E333-8FDC-42A3-9474-1A3956D46DE8}") = "Data", "Data", "{FC9B1656-8B5E-4C49-9FEC-961528A05A52}"
	ProjectSection(SolutionItems) = preProject
		DBManager.cs = DBManager.cs
	EndProjectSection
EndProject
Global
	GlobalSection(SolutionConfigurationPlatforms) = preSolution
		Debug|Any CPU = Debug|Any CPU
		Release|Any CPU = Release|Any CPU
	EndGlobalSection
	GlobalSection(ProjectConfigurationPlatforms) = postSolution
		{EF70C1E1-18B1-4AC4-8455-2528D5ABD676}.Debug|Any CPU.ActiveCfg = Debug|Any CPU
		{EF70C1E1-18B1-4AC4-8455-2528D5ABD676}.Debug|Any CPU.Build.0 = Debug|Any CPU
		{EF70C1E1-18B1-4AC4-8455-2528D5ABD676}.Release|Any CPU.ActiveCfg = Release|Any CPU
		{EF70C1E1-18B1-4AC4-8455-2528D5ABD676}.Release|Any CPU.Build.0 = Release|Any CPU
	EndGlobalSection
	GlobalSection(SolutionProperties) = preSolution
		HideSolutionNode = FALSE
	EndGlobalSection
	GlobalSection(ExtensibilityGlobals) = postSolution
		SolutionGuid = {1F87EB23-0640-4208-ADE5-69EBF9CD0846}
	EndGlobalSection
EndGlobal
